
Microsoft Visual Studio Solution File, Format Version 12.00
# Visual Studio Version 17
VisualStudioVersion = 17.8.34525.116
MinimumVisualStudioVersion = 10.0.40219.1
Project("{FAE04EC0-301F-11D3-BF4B-00C04F79EFBC}") = "E-Commerce", "E-Commerce.csproj", "{762899B2-F31E-4942-8486-0D679EDCE97E}"
EndProject
Global
	GlobalSection(SolutionConfigurationPlatforms) = preSolution
		Debug|Any CPU = Debug|Any CPU
		Release|Any CPU = Release|Any CPU
	EndGlobalSection
	GlobalSection(ProjectConfigurationPlatforms) = postSolution
		{762899B2-F31E-4942-8486-0D679EDCE97E}.Debug|Any CPU.ActiveCfg = Debug|Any CPU
		{762899B2-F31E-4942-8486-0D679EDCE97E}.Debug|Any CPU.Build.0 = Debug|Any CPU
		{762899B2-F31E-4942-8486-0D679EDCE97E}.Release|Any CPU.ActiveCfg = Release|Any CPU
		{762899B2-F31E-4942-8486-0D679EDCE97E}.Release|Any CPU.Build.0 = Release|Any CPU
	EndGlobalSection
	GlobalSection(SolutionProperties) = preSolution
		HideSolutionNode = FALSE
	EndGlobalSection
	GlobalSection(ExtensibilityGlobals) = postSolution
		SolutionGuid = {0881F8BF-2B3C-426C-A150-1D94BE68925B}
	EndGlobalSection
EndGlobal
