
Microsoft Visual Studio Solution File, Format Version 12.00
# Visual Studio Version 17
VisualStudioVersion = 17.8.34525.116
MinimumVisualStudioVersion = 10.0.40219.1
Project("{FAE04EC0-301F-11D3-BF4B-00C04F79EFBC}") = "CrudApi", "CrudApi.csproj", "{402A00E1-F44A-4B7C-8A64-644BA6B1FF87}"
EndProject
Global
	GlobalSection(SolutionConfigurationPlatforms) = preSolution
		Debug|Any CPU = Debug|Any CPU
		Release|Any CPU = Release|Any CPU
	EndGlobalSection
	GlobalSection(ProjectConfigurationPlatforms) = postSolution
		{402A00E1-F44A-4B7C-8A64-644BA6B1FF87}.Debug|Any CPU.ActiveCfg = Debug|Any CPU
		{402A00E1-F44A-4B7C-8A64-644BA6B1FF87}.Debug|Any CPU.Build.0 = Debug|Any CPU
		{402A00E1-F44A-4B7C-8A64-644BA6B1FF87}.Release|Any CPU.ActiveCfg = Release|Any CPU
		{402A00E1-F44A-4B7C-8A64-644BA6B1FF87}.Release|Any CPU.Build.0 = Release|Any CPU
	EndGlobalSection
	GlobalSection(SolutionProperties) = preSolution
		HideSolutionNode = FALSE
	EndGlobalSection
	GlobalSection(ExtensibilityGlobals) = postSolution
		SolutionGuid = {EF357A41-19D9-4FE1-A6A2-4808B167928A}
	EndGlobalSection
EndGlobal
